# This file is automatically @generated by Cargo.
# It is not intended for manual editing.
[[package]]
name = "s01-hello-rustdoc"
version = "0.1.0"

[[package]]
name = "s02-module-comments"
version = "0.1.0"

[[package]]
name = "s03-crate-comments"
version = "0.1.0"

[[package]]
name = "s04-its-markdown"
version = "0.1.0"

[[package]]
name = "s05-ensure-docs"
version = "0.1.0"

[[package]]
name = "s06-code-samples"
version = "0.1.0"

[[package]]
name = "s07-code-samples-setup"
version = "0.1.0"

[[package]]
name = "s08-all-the-links"
version = "0.1.0"
